
Microsoft Visual Studio Solution File, Format Version 12.00
# Visual Studio 15
VisualStudioVersion = 15.0.28307.705
MinimumVisualStudioVersion = 10.0.40219.1
Project("{FAE04EC0-301F-11D3-BF4B-00C04F79EFBC}") = "MarketPlace", "MarketPlace\MarketPlace.csproj", "{69D30750-B203-4B2C-BE84-F4ECC651DC8A}"
EndProject
Global
	GlobalSection(SolutionConfigurationPlatforms) = preSolution
		Debug|Any CPU = Debug|Any CPU
		Release|Any CPU = Release|Any CPU
	EndGlobalSection
	GlobalSection(ProjectConfigurationPlatforms) = postSolution
		{69D30750-B203-4B2C-BE84-F4ECC651DC8A}.Debug|Any CPU.ActiveCfg = Debug|Any CPU
		{69D30750-B203-4B2C-BE84-F4ECC651DC8A}.Debug|Any CPU.Build.0 = Debug|Any CPU
		{69D30750-B203-4B2C-BE84-F4ECC651DC8A}.Release|Any CPU.ActiveCfg = Release|Any CPU
		{69D30750-B203-4B2C-BE84-F4ECC651DC8A}.Release|Any CPU.Build.0 = Release|Any CPU
	EndGlobalSection
	GlobalSection(SolutionProperties) = preSolution
		HideSolutionNode = FALSE
	EndGlobalSection
	GlobalSection(ExtensibilityGlobals) = postSolution
		SolutionGuid = {889BCCA8-F691-4923-A796-23A034250DB4}
	EndGlobalSection
EndGlobal
